PODS:
  - AOP-for-Objective-C (1.0.0ctx)
  - GoogleAnalytics-iOS-SDK (3.0.9)
  - JohnnyEnglish (0.0.1):
    - AOP-for-Objective-C (= 1.0.0ctx)
    - GoogleAnalytics-iOS-SDK (~> 3.0)

DEPENDENCIES:
  - JohnnyEnglish (from `../`)

EXTERNAL SOURCES:
  JohnnyEnglish:
    :path: ../

SPEC CHECKSUMS:
  AOP-for-Objective-C: 849914bda21bc73c45194b4e83a4ba29e4175ed4
  GoogleAnalytics-iOS-SDK: d9e198b1f955259a72886769be7377cdfcdb2250
  JohnnyEnglish: 8c21eaa8c4a575f2b84c8179c3c1078259c9866c

COCOAPODS: 0.33.1
