PODS:
  - Aspects (1.4.1)
  - JohnnyEnglish (0.0.1):
    - Aspects (~> 1.4.1)

DEPENDENCIES:
  - JohnnyEnglish (from `../`)

EXTERNAL SOURCES:
  JohnnyEnglish:
    :path: ../

SPEC CHECKSUMS:
  Aspects: a6368eba05295b24ffe0e9acfb9080cc3b0f4b5f
  JohnnyEnglish: 6aeec67b4381ba2ec1e1233ca2b8c03a63a43f2e

COCOAPODS: 0.33.1
